
Microsoft Visual Studio Solution File, Format Version 12.00
# Visual Studio Version 16
VisualStudioVersion = 16.0.31515.178
MinimumVisualStudioVersion = 10.0.40219.1
Project("{FAE04EC0-301F-11D3-BF4B-00C04F79EFBC}") = "ECommerce.Review.Api", "ECommerce.Review.Api\ECommerce.Review.Api.csproj", "{15CF8B60-9F0F-4E87-A301-D7BC1120C071}"
EndProject
Project("{FAE04EC0-301F-11D3-BF4B-00C04F79EFBC}") = "Ecommerce.Core", "Ecommerce.Core\Ecommerce.Core.csproj", "{167DEA70-8082-4460-9971-F08B2067BFB4}"
EndProject
Project("{FAE04EC0-301F-11D3-BF4B-00C04F79EFBC}") = "Ecommerce.Infrastructure", "Ecommerce.Infrastructure\Ecommerce.Infrastructure.csproj", "{3D9ECD97-9930-44F0-9307-C275D487DC5A}"
EndProject
Global
	GlobalSection(SolutionConfigurationPlatforms) = preSolution
		Debug|Any CPU = Debug|Any CPU
		Release|Any CPU = Release|Any CPU
	EndGlobalSection
	GlobalSection(ProjectConfigurationPlatforms) = postSolution
		{15CF8B60-9F0F-4E87-A301-D7BC1120C071}.Debug|Any CPU.ActiveCfg = Debug|Any CPU
		{15CF8B60-9F0F-4E87-A301-D7BC1120C071}.Debug|Any CPU.Build.0 = Debug|Any CPU
		{15CF8B60-9F0F-4E87-A301-D7BC1120C071}.Release|Any CPU.ActiveCfg = Release|Any CPU
		{15CF8B60-9F0F-4E87-A301-D7BC1120C071}.Release|Any CPU.Build.0 = Release|Any CPU
		{167DEA70-8082-4460-9971-F08B2067BFB4}.Debug|Any CPU.ActiveCfg = Debug|Any CPU
		{167DEA70-8082-4460-9971-F08B2067BFB4}.Debug|Any CPU.Build.0 = Debug|Any CPU
		{167DEA70-8082-4460-9971-F08B2067BFB4}.Release|Any CPU.ActiveCfg = Release|Any CPU
		{167DEA70-8082-4460-9971-F08B2067BFB4}.Release|Any CPU.Build.0 = Release|Any CPU
		{3D9ECD97-9930-44F0-9307-C275D487DC5A}.Debug|Any CPU.ActiveCfg = Debug|Any CPU
		{3D9ECD97-9930-44F0-9307-C275D487DC5A}.Debug|Any CPU.Build.0 = Debug|Any CPU
		{3D9ECD97-9930-44F0-9307-C275D487DC5A}.Release|Any CPU.ActiveCfg = Release|Any CPU
		{3D9ECD97-9930-44F0-9307-C275D487DC5A}.Release|Any CPU.Build.0 = Release|Any CPU
	EndGlobalSection
	GlobalSection(SolutionProperties) = preSolution
		HideSolutionNode = FALSE
	EndGlobalSection
	GlobalSection(ExtensibilityGlobals) = postSolution
		SolutionGuid = {1CC32E6C-1383-4F2E-BE97-326C6591869A}
	EndGlobalSection
EndGlobal
